import:
- package: github.com/Microsoft/go-winio
  version: v0.1.0
- package: github.com/RackSec/srslog
  version: 259aed10dfa74ea2961eddd1d9847619f6e98837
- package: github.com/Sirupsen/logrus
  version: v0.11.5
- package: github.com/SvenDowideit/cpuid
  version: dfdb6dba69f48dd44c5cd831950be648f71162ca
- package: github.com/boltdb/bolt
  version: v1.2.0
- package: github.com/cloudfoundry-incubator/candiedyaml
  version: 01cbc92901719f599b11f3a7e3b1768d7002b0bb
  repo: https://github.com/rancher/candiedyaml
- package: github.com/cloudfoundry/gosigar
  version: 3ed7c74352dae6dc00bdc8c74045375352e3ec05
- package: github.com/codegangsta/cli
  version: d2b9ba9c38eb353ba3c6df3f57072348e19cc5c7
  repo: https://github.com/rancher/cli-1
- package: github.com/coreos/go-systemd
  version: v4
- package: github.com/coreos/yaml
  version: 6b16a5714269b2f70720a45406b1babd947a17ef
- package: github.com/davecgh/go-spew
  version: 5215b55f46b2b919f50a1df0eaa5886afe4e3b3d
- package: github.com/docker/containerd
  version: b7a26a1c481d5ba88a2df757954a54439142ceb1
  repo: https://github.com/ibuildthecloud/containerd.git
- package: github.com/docker/distribution
  version: 467fc068d88aa6610691b7f1a677271a3fac4aac
- package: github.com/docker/docker
  version: b40c87254f587af7cad8e8128f061a2a7f367343
  repo: https://github.com/rancher/docker.git
- package: github.com/docker/engine-api
  version: v0.3.3
- package: github.com/docker/go-connections
  version: v0.2.0
- package: github.com/docker/go-units
  version: 651fc226e7441360384da338d0fd37f2440ffbe3
- package: github.com/docker/libcompose
  version: 2987bb539b670b71a33575bdee00bd351be60f20
  repo: https://github.com/rancher/libcompose.git
- package: github.com/docker/libnetwork
  version: v0.5.6
- package: github.com/docker/libtrust
  version: 9cbd2a1374f46905c68a4eb3694a130610adc62a
- package: github.com/docker/machine
  version: 4a8e93ac9bc2ced1c3bc4a43c03fdaa1c2749205
- package: github.com/fatih/structs
  version: dc3312cb1a4513a366c4c9e622ad55c32df12ed3
- package: github.com/flynn/go-shlex
  version: 3f9db97f856818214da2e1057f8ad84803971cff
- package: github.com/gbazil/telnet
  version: ba7da85c947a39063cddb0ffbff20b6bbbe9222f
- package: github.com/godbus/dbus
  version: v3
- package: github.com/golang/protobuf
  version: 8d92cf5fc15a4382f8964b08e1f42a75c0591aa3
- package: github.com/gorilla/context
  version: 14f550f51a
- package: github.com/gorilla/mux
  version: e444e69cbd
- package: github.com/imdario/mergo
  version: 0.2.1
- package: github.com/j-keck/arping
  version: 4f4d2c8983a18e2c9c63a3f339bc9a998c4557bc
- package: github.com/mattn/go-shellwords
  version: v1.0.0
- package: github.com/opencontainers/runc
  version: edc34c4a8c1e261b5ce926ff557ecde1aff19ce3
  repo: https://github.com/ibuildthecloud/runc.git
- package: github.com/opencontainers/runtime-spec
  version: f955d90e70a98ddfb886bd930ffd076da9b67998
- package: github.com/opencontainers/specs
  version: f955d90e70a98ddfb886bd930ffd076da9b67998
- package: github.com/packethost/packngo
  version: v0.1.0
- package: github.com/pkg/errors
  version: d62207b3dc916c342cd6a7180fa861d898cf42ee
- package: github.com/pmezard/go-difflib
  version: d8ed2627bdf02c080bf22230dbb337003b7aba2d
- package: github.com/rancher/catalog-service/utils/version
  version: 81799167a6ed8666fb1640b3aae12bc407050c4f
- package: github.com/rcrowley/go-metrics
  version: eeba7bd0dd01ace6e690fa833b3f22aaec29af43
- package: github.com/ryanuber/go-glob
  version: 0067a9abd927e50aed5190662702f81231413ae0
- package: github.com/seccomp/libseccomp-golang
  version: 1b506fc7c24eec5a3693cdcbed40d9c226cfc6a1
- package: github.com/sigma/bdoor
  version: master
- package: github.com/sigma/vmw-guestinfo
  version: master
- package: github.com/sigma/vmw-ovflib
  version: master
- package: github.com/stretchr/testify
  version: a1f97990ddc16022ec7610326dd9bce31332c116
- package: github.com/syndtr/gocapability
  version: 2c00daeb6c3b45114c80ac44119e7b8801fdd852
- package: github.com/tchap/go-patricia
  version: v2.1.0
- package: github.com/tredoe/term
  version: e551c64f56c0ac0469b4db1b70918e05bfd3ab20
- package: github.com/vbatts/tar-split
  version: v0.9.11
- package: github.com/vishvananda/netlink
  version: f5a6f697a596c788d474984a38a0ac4ba0719e93
- package: github.com/vishvananda/netns
  version: 54f0e4339ce73702a0607f49922aaa1e749b418d
- package: github.com/vmware/vmw-guestinfo
  version: master
- package: github.com/xeipuuv/gojsonpointer
  version: 6fe8760cad3569743d51ddbb243b26f8456742dc
- package: github.com/xeipuuv/gojsonreference
  version: e02fc20de94c78484cd5ffb007f8af96be030a45
- package: github.com/xeipuuv/gojsonschema
  version: 0c8571ac0ce161a5feb57375a9cdf148c98c0f70
- package: golang.org/x/crypto
  version: 2f3083f6163ef51179ad42ed523a18c9a1141467
- package: golang.org/x/net
  version: 991d3e32f76f19ee6d9caadb3a22eae8d23315f7
  repo: https://github.com/golang/net.git
- package: golang.org/x/sys
  version: eb2c74142fd19a79b3f237334c7384d5167b1b46
  repo: https://github.com/golang/sys.git
- package: google.golang.org/grpc
  version: ab0be5212fb225475f2087566eded7da5d727960
  repo: https://github.com/grpc/grpc-go.git
- package: gopkg.in/fsnotify.v1
  version: v1.2.0
